// !$*UTF8*$!
{
	archiveVersion = 1;
	classes = {
	};
	objectVersion = 46;
	objects = {

/* Begin PBXBuildFile section */
		651F2676182A600000889138 /* Foundation.framework in Frameworks */ = {isa = PBXBuildFile; fileRef = 651F2675182A600000889138 /* Foundation.framework */; };
		651F2678182A600000889138 /* CoreGraphics.framework in Frameworks */ = {isa = PBXBuildFile; fileRef = 651F2677182A600000889138 /* CoreGraphics.framework */; };
		651F267A182A600000889138 /* UIKit.framework in Frameworks */ = {isa = PBXBuildFile; fileRef = 651F2679182A600000889138 /* UIKit.framework */; };
		651F2680182A600000889138 /* InfoPlist.strings in Resources */ = {isa = PBXBuildFile; fileRef = 651F267E182A600000889138 /* InfoPlist.strings */; };
		651F2682182A600000889138 /* main.m in Sources */ = {isa = PBXBuildFile; fileRef = 651F2681182A600000889138 /* main.m */; };
		651F2686182A600000889138 /* AppDelegate.m in Sources */ = {isa = PBXBuildFile; fileRef = 651F2685182A600000889138 /* AppDelegate.m */; };
		651F2689182A600000889138 /* Main_iPhone.storyboard in Resources */ = {isa = PBXBuildFile; fileRef = 651F2687182A600000889138 /* Main_iPhone.storyboard */; };
		651F268C182A600000889138 /* Main_iPad.storyboard in Resources */ = {isa = PBXBuildFile; fileRef = 651F268A182A600000889138 /* Main_iPad.storyboard */; };
		651F268F182A600000889138 /* MainViewController.mm in Sources */ = {isa = PBXBuildFile; fileRef = 651F268E182A600000889138 /* MainViewController.mm */; };
		651F2691182A600000889138 /* Images.xcassets in Resources */ = {isa = PBXBuildFile; fileRef = 651F2690182A600000889138 /* Images.xcassets */; };
		651F2698182A600000889138 /* XCTest.framework in Frameworks */ = {isa = PBXBuildFile; fileRef = 651F2697182A600000889138 /* XCTest.framework */; };
		651F2699182A600000889138 /* Foundation.framework in Frameworks */ = {isa = PBXBuildFile; fileRef = 651F2675182A600000889138 /* Foundation.framework */; };
		651F269A182A600000889138 /* UIKit.framework in Frameworks */ = {isa = PBXBuildFile; fileRef = 651F2679182A600000889138 /* UIKit.framework */; };
		651F26A2182A600000889138 /* InfoPlist.strings in Resources */ = {isa = PBXBuildFile; fileRef = 651F26A0182A600000889138 /* InfoPlist.strings */; };
		651F26A4182A600000889138 /* MetaioTestTests.m in Sources */ = {isa = PBXBuildFile; fileRef = 651F26A3182A600000889138 /* MetaioTestTests.m */; };
		651F26AE182A60BA00889138 /* metaioSDK.framework in Frameworks */ = {isa = PBXBuildFile; fileRef = 651F26AD182A60BA00889138 /* metaioSDK.framework */; };
		651F26B1182A633700889138 /* CameraImageRenderer.mm in Sources */ = {isa = PBXBuildFile; fileRef = 651F26B0182A633700889138 /* CameraImageRenderer.mm */; };
		651F26B4182A638300889138 /* Scene.mm in Sources */ = {isa = PBXBuildFile; fileRef = 651F26B3182A638300889138 /* Scene.mm */; };
		651F26B6182A66B300889138 /* MediaPlayer.framework in Frameworks */ = {isa = PBXBuildFile; fileRef = 651F26B5182A66B300889138 /* MediaPlayer.framework */; };
		651F26B8182A67B500889138 /* GLKit.framework in Frameworks */ = {isa = PBXBuildFile; fileRef = 651F26B7182A67B500889138 /* GLKit.framework */; };
		651F26BA182A67BB00889138 /* OpenGLES.framework in Frameworks */ = {isa = PBXBuildFile; fileRef = 651F26B9182A67BB00889138 /* OpenGLES.framework */; };
		651F26BC182A67E400889138 /* AVFoundation.framework in Frameworks */ = {isa = PBXBuildFile; fileRef = 651F26BB182A67E400889138 /* AVFoundation.framework */; };
		651F26BE182A67F900889138 /* CoreMotion.framework in Frameworks */ = {isa = PBXBuildFile; fileRef = 651F26BD182A67F900889138 /* CoreMotion.framework */; };
		651F26C0182A681200889138 /* CoreMedia.framework in Frameworks */ = {isa = PBXBuildFile; fileRef = 651F26BF182A681200889138 /* CoreMedia.framework */; };
		651F26C2182A682300889138 /* Security.framework in Frameworks */ = {isa = PBXBuildFile; fileRef = 651F26C1182A682300889138 /* Security.framework */; };
		651F26C4182A682F00889138 /* CFNetwork.framework in Frameworks */ = {isa = PBXBuildFile; fileRef = 651F26C3182A682F00889138 /* CFNetwork.framework */; };
		651F26C6182A684300889138 /* AudioToolbox.framework in Frameworks */ = {isa = PBXBuildFile; fileRef = 651F26C5182A684300889138 /* AudioToolbox.framework */; };
		651F26C8182A684A00889138 /* libz.dylib in Frameworks */ = {isa = PBXBuildFile; fileRef = 651F26C7182A684A00889138 /* libz.dylib */; };
		651F26CA182A685B00889138 /* libxml2.dylib in Frameworks */ = {isa = PBXBuildFile; fileRef = 651F26C9182A685B00889138 /* libxml2.dylib */; };
		651F26CC182A687900889138 /* CoreLocation.framework in Frameworks */ = {isa = PBXBuildFile; fileRef = 651F26CB182A687900889138 /* CoreLocation.framework */; };
		651F26D6182A692500889138 /* CameraImageShader.fsh in Resources */ = {isa = PBXBuildFile; fileRef = 651F26CE182A68EF00889138 /* CameraImageShader.fsh */; };
		651F26D7182A692500889138 /* CameraImageShader.vsh in Resources */ = {isa = PBXBuildFile; fileRef = 651F26CF182A68EF00889138 /* CameraImageShader.vsh */; };
		651F26D8182A692500889138 /* Shader.fsh in Resources */ = {isa = PBXBuildFile; fileRef = 651F26D0182A68EF00889138 /* Shader.fsh */; };
		651F26D9182A692500889138 /* Shader.vsh in Resources */ = {isa = PBXBuildFile; fileRef = 651F26D1182A68EF00889138 /* Shader.vsh */; };
		651F26E1182A6ADD00889138 /* Assets in Resources */ = {isa = PBXBuildFile; fileRef = 651F26E0182A6ADD00889138 /* Assets */; };
		651F26E4182A6B2A00889138 /* Gloomies.mm in Sources */ = {isa = PBXBuildFile; fileRef = 651F26E3182A6B2A00889138 /* Gloomies.mm */; };
		651F26E7182A6B4E00889138 /* Constants.mm in Sources */ = {isa = PBXBuildFile; fileRef = 651F26E6182A6B4E00889138 /* Constants.mm */; };
		651F26EA182CFB9C00889138 /* Images in Resources */ = {isa = PBXBuildFile; fileRef = 651F26E9182CFB9C00889138 /* Images */; };
/* End PBXBuildFile section */

/* Begin PBXContainerItemProxy section */
		651F269B182A600000889138 /* PBXContainerItemProxy */ = {
			isa = PBXContainerItemProxy;
			containerPortal = 651F266A182A600000889138 /* Project object */;
			proxyType = 1;
			remoteGlobalIDString = 651F2671182A600000889138;
			remoteInfo = MetaioTest;
		};
/* End PBXContainerItemProxy section */

/* Begin PBXFileReference section */
		651F2672182A600000889138 /* MetaioTest.app */ = {isa = PBXFileReference; explicitFileType = wrapper.application; includeInIndex = 0; path = MetaioTest.app; sourceTree = BUILT_PRODUCTS_DIR; };
		651F2675182A600000889138 /* Foundation.framework */ = {isa = PBXFileReference; lastKnownFileType = wrapper.framework; name = Foundation.framework; path = System/Library/Frameworks/Foundation.framework; sourceTree = SDKROOT; };
		651F2677182A600000889138 /* CoreGraphics.framework */ = {isa = PBXFileReference; lastKnownFileType = wrapper.framework; name = CoreGraphics.framework; path = System/Library/Frameworks/CoreGraphics.framework; sourceTree = SDKROOT; };
		651F2679182A600000889138 /* UIKit.framework */ = {isa = PBXFileReference; lastKnownFileType = wrapper.framework; name = UIKit.framework; path = System/Library/Frameworks/UIKit.framework; sourceTree = SDKROOT; };
		651F267D182A600000889138 /* MetaioTest-Info.plist */ = {isa = PBXFileReference; lastKnownFileType = text.plist.xml; path = "MetaioTest-Info.plist"; sourceTree = "<group>"; };
		651F267F182A600000889138 /* en */ = {isa = PBXFileReference; lastKnownFileType = text.plist.strings; name = en; path = en.lproj/InfoPlist.strings; sourceTree = "<group>"; };
		651F2681182A600000889138 /* main.m */ = {isa = PBXFileReference; lastKnownFileType = sourcecode.c.objc; path = main.m; sourceTree = "<group>"; };
		651F2683182A600000889138 /* MetaioTest-Prefix.pch */ = {isa = PBXFileReference; lastKnownFileType = sourcecode.c.h; path = "MetaioTest-Prefix.pch"; sourceTree = "<group>"; };
		651F2684182A600000889138 /* AppDelegate.h */ = {isa = PBXFileReference; lastKnownFileType = sourcecode.c.h; path = AppDelegate.h; sourceTree = "<group>"; };
		651F2685182A600000889138 /* AppDelegate.m */ = {isa = PBXFileReference; lastKnownFileType = sourcecode.c.objc; path = AppDelegate.m; sourceTree = "<group>"; };
		651F2688182A600000889138 /* Base */ = {isa = PBXFileReference; lastKnownFileType = file.storyboard; name = Base; path = Base.lproj/Main_iPhone.storyboard; sourceTree = "<group>"; };
		651F268B182A600000889138 /* Base */ = {isa = PBXFileReference; lastKnownFileType = file.storyboard; name = Base; path = Base.lproj/Main_iPad.storyboard; sourceTree = "<group>"; };
		651F268D182A600000889138 /* MainViewController.h */ = {isa = PBXFileReference; lastKnownFileType = sourcecode.c.h; path = MainViewController.h; sourceTree = "<group>"; };
		651F268E182A600000889138 /* MainViewController.mm */ = {isa = PBXFileReference; lastKnownFileType = sourcecode.cpp.objcpp; path = MainViewController.mm; sourceTree = "<group>"; };
		651F2690182A600000889138 /* Images.xcassets */ = {isa = PBXFileReference; lastKnownFileType = folder.assetcatalog; path = Images.xcassets; sourceTree = "<group>"; };
		651F2696182A600000889138 /* MetaioTestTests.xctest */ = {isa = PBXFileReference; explicitFileType = wrapper.cfbundle; includeInIndex = 0; path = MetaioTestTests.xctest; sourceTree = BUILT_PRODUCTS_DIR; };
		651F2697182A600000889138 /* XCTest.framework */ = {isa = PBXFileReference; lastKnownFileType = wrapper.framework; name = XCTest.framework; path = Library/Frameworks/XCTest.framework; sourceTree = DEVELOPER_DIR; };
		651F269F182A600000889138 /* MetaioTestTests-Info.plist */ = {isa = PBXFileReference; lastKnownFileType = text.plist.xml; path = "MetaioTestTests-Info.plist"; sourceTree = "<group>"; };
		651F26A1182A600000889138 /* en */ = {isa = PBXFileReference; lastKnownFileType = text.plist.strings; name = en; path = en.lproj/InfoPlist.strings; sourceTree = "<group>"; };
		651F26A3182A600000889138 /* MetaioTestTests.m */ = {isa = PBXFileReference; lastKnownFileType = sourcecode.c.objc; path = MetaioTestTests.m; sourceTree = "<group>"; };
		651F26AD182A60BA00889138 /* metaioSDK.framework */ = {isa = PBXFileReference; lastKnownFileType = wrapper.framework; path = metaioSDK.framework; sourceTree = "<group>"; };
		651F26AF182A633700889138 /* CameraImageRenderer.h */ = {isa = PBXFileReference; fileEncoding = 4; lastKnownFileType = sourcecode.c.h; path = CameraImageRenderer.h; sourceTree = "<group>"; };
		651F26B0182A633700889138 /* CameraImageRenderer.mm */ = {isa = PBXFileReference; fileEncoding = 4; lastKnownFileType = sourcecode.cpp.objcpp; path = CameraImageRenderer.mm; sourceTree = "<group>"; };
		651F26B2182A638300889138 /* Scene.h */ = {isa = PBXFileReference; fileEncoding = 4; lastKnownFileType = sourcecode.c.h; path = Scene.h; sourceTree = "<group>"; };
		651F26B3182A638300889138 /* Scene.mm */ = {isa = PBXFileReference; fileEncoding = 4; lastKnownFileType = sourcecode.cpp.objcpp; path = Scene.mm; sourceTree = "<group>"; };
		651F26B5182A66B300889138 /* MediaPlayer.framework */ = {isa = PBXFileReference; lastKnownFileType = wrapper.framework; name = MediaPlayer.framework; path = System/Library/Frameworks/MediaPlayer.framework; sourceTree = SDKROOT; };
		651F26B7182A67B500889138 /* GLKit.framework */ = {isa = PBXFileReference; lastKnownFileType = wrapper.framework; name = GLKit.framework; path = System/Library/Frameworks/GLKit.framework; sourceTree = SDKROOT; };
		651F26B9182A67BB00889138 /* OpenGLES.framework */ = {isa = PBXFileReference; lastKnownFileType = wrapper.framework; name = OpenGLES.framework; path = System/Library/Frameworks/OpenGLES.framework; sourceTree = SDKROOT; };
		651F26BB182A67E400889138 /* AVFoundation.framework */ = {isa = PBXFileReference; lastKnownFileType = wrapper.framework; name = AVFoundation.framework; path = System/Library/Frameworks/AVFoundation.framework; sourceTree = SDKROOT; };
		651F26BD182A67F900889138 /* CoreMotion.framework */ = {isa = PBXFileReference; lastKnownFileType = wrapper.framework; name = CoreMotion.framework; path = System/Library/Frameworks/CoreMotion.framework; sourceTree = SDKROOT; };
		651F26BF182A681200889138 /* CoreMedia.framework */ = {isa = PBXFileReference; lastKnownFileType = wrapper.framework; name = CoreMedia.framework; path = System/Library/Frameworks/CoreMedia.framework; sourceTree = SDKROOT; };
		651F26C1182A682300889138 /* Security.framework */ = {isa = PBXFileReference; lastKnownFileType = wrapper.framework; name = Security.framework; path = System/Library/Frameworks/Security.framework; sourceTree = SDKROOT; };
		651F26C3182A682F00889138 /* CFNetwork.framework */ = {isa = PBXFileReference; lastKnownFileType = wrapper.framework; name = CFNetwork.framework; path = System/Library/Frameworks/CFNetwork.framework; sourceTree = SDKROOT; };
		651F26C5182A684300889138 /* AudioToolbox.framework */ = {isa = PBXFileReference; lastKnownFileType = wrapper.framework; name = AudioToolbox.framework; path = System/Library/Frameworks/AudioToolbox.framework; sourceTree = SDKROOT; };
		651F26C7182A684A00889138 /* libz.dylib */ = {isa = PBXFileReference; lastKnownFileType = "compiled.mach-o.dylib"; name = libz.dylib; path = usr/lib/libz.dylib; sourceTree = SDKROOT; };
		651F26C9182A685B00889138 /* libxml2.dylib */ = {isa = PBXFileReference; lastKnownFileType = "compiled.mach-o.dylib"; name = libxml2.dylib; path = usr/lib/libxml2.dylib; sourceTree = SDKROOT; };
		651F26CB182A687900889138 /* CoreLocation.framework */ = {isa = PBXFileReference; lastKnownFileType = wrapper.framework; name = CoreLocation.framework; path = System/Library/Frameworks/CoreLocation.framework; sourceTree = SDKROOT; };
		651F26CE182A68EF00889138 /* CameraImageShader.fsh */ = {isa = PBXFileReference; fileEncoding = 4; lastKnownFileType = sourcecode.glsl; path = CameraImageShader.fsh; sourceTree = "<group>"; };
		651F26CF182A68EF00889138 /* CameraImageShader.vsh */ = {isa = PBXFileReference; fileEncoding = 4; lastKnownFileType = sourcecode.glsl; path = CameraImageShader.vsh; sourceTree = "<group>"; };
		651F26D0182A68EF00889138 /* Shader.fsh */ = {isa = PBXFileReference; fileEncoding = 4; lastKnownFileType = sourcecode.glsl; path = Shader.fsh; sourceTree = "<group>"; };
		651F26D1182A68EF00889138 /* Shader.vsh */ = {isa = PBXFileReference; fileEncoding = 4; lastKnownFileType = sourcecode.glsl; path = Shader.vsh; sourceTree = "<group>"; };
		651F26E0182A6ADD00889138 /* Assets */ = {isa = PBXFileReference; lastKnownFileType = folder; path = Assets; sourceTree = "<group>"; };
		651F26E2182A6B2A00889138 /* Gloomies.h */ = {isa = PBXFileReference; fileEncoding = 4; lastKnownFileType = sourcecode.c.h; path = Gloomies.h; sourceTree = "<group>"; };
		651F26E3182A6B2A00889138 /* Gloomies.mm */ = {isa = PBXFileReference; fileEncoding = 4; lastKnownFileType = sourcecode.cpp.objcpp; path = Gloomies.mm; sourceTree = "<group>"; };
		651F26E5182A6B4E00889138 /* Constants.h */ = {isa = PBXFileReference; fileEncoding = 4; lastKnownFileType = sourcecode.c.h; path = Constants.h; sourceTree = "<group>"; };
		651F26E6182A6B4E00889138 /* Constants.mm */ = {isa = PBXFileReference; fileEncoding = 4; lastKnownFileType = sourcecode.cpp.objcpp; path = Constants.mm; sourceTree = "<group>"; };
		651F26E9182CFB9C00889138 /* Images */ = {isa = PBXFileReference; lastKnownFileType = folder; path = Images; sourceTree = "<group>"; };
/* End PBXFileReference section */

/* Begin PBXFrameworksBuildPhase section */
		651F266F182A600000889138 /* Frameworks */ = {
			isa = PBXFrameworksBuildPhase;
			buildActionMask = 2147483647;
			files = (
				651F26CC182A687900889138 /* CoreLocation.framework in Frameworks */,
				651F26CA182A685B00889138 /* libxml2.dylib in Frameworks */,
				651F26C8182A684A00889138 /* libz.dylib in Frameworks */,
				651F26C6182A684300889138 /* AudioToolbox.framework in Frameworks */,
				651F26C4182A682F00889138 /* CFNetwork.framework in Frameworks */,
				651F26C2182A682300889138 /* Security.framework in Frameworks */,
				651F26C0182A681200889138 /* CoreMedia.framework in Frameworks */,
				651F26BE182A67F900889138 /* CoreMotion.framework in Frameworks */,
				651F26BC182A67E400889138 /* AVFoundation.framework in Frameworks */,
				651F26BA182A67BB00889138 /* OpenGLES.framework in Frameworks */,
				651F26B8182A67B500889138 /* GLKit.framework in Frameworks */,
				651F2678182A600000889138 /* CoreGraphics.framework in Frameworks */,
				651F26B6182A66B300889138 /* MediaPlayer.framework in Frameworks */,
				651F26AE182A60BA00889138 /* metaioSDK.framework in Frameworks */,
				651F267A182A600000889138 /* UIKit.framework in Frameworks */,
				651F2676182A600000889138 /* Foundation.framework in Frameworks */,
			);
			runOnlyForDeploymentPostprocessing = 0;
		};
		651F2693182A600000889138 /* Frameworks */ = {
			isa = PBXFrameworksBuildPhase;
			buildActionMask = 2147483647;
			files = (
				651F2698182A600000889138 /* XCTest.framework in Frameworks */,
				651F269A182A600000889138 /* UIKit.framework in Frameworks */,
				651F2699182A600000889138 /* Foundation.framework in Frameworks */,
			);
			runOnlyForDeploymentPostprocessing = 0;
		};
/* End PBXFrameworksBuildPhase section */

/* Begin PBXGroup section */
		651F2669182A600000889138 = {
			isa = PBXGroup;
			children = (
				651F267B182A600000889138 /* MetaioTest */,
				651F269D182A600000889138 /* MetaioTestTests */,
				651F2674182A600000889138 /* Frameworks */,
				651F2673182A600000889138 /* Products */,
			);
			sourceTree = "<group>";
		};
		651F2673182A600000889138 /* Products */ = {
			isa = PBXGroup;
			children = (
				651F2672182A600000889138 /* MetaioTest.app */,
				651F2696182A600000889138 /* MetaioTestTests.xctest */,
			);
			name = Products;
			sourceTree = "<group>";
		};
		651F2674182A600000889138 /* Frameworks */ = {
			isa = PBXGroup;
			children = (
				651F26CB182A687900889138 /* CoreLocation.framework */,
				651F26C9182A685B00889138 /* libxml2.dylib */,
				651F26C7182A684A00889138 /* libz.dylib */,
				651F26C5182A684300889138 /* AudioToolbox.framework */,
				651F26C3182A682F00889138 /* CFNetwork.framework */,
				651F26C1182A682300889138 /* Security.framework */,
				651F26BF182A681200889138 /* CoreMedia.framework */,
				651F26BD182A67F900889138 /* CoreMotion.framework */,
				651F26BB182A67E400889138 /* AVFoundation.framework */,
				651F26B9182A67BB00889138 /* OpenGLES.framework */,
				651F26B7182A67B500889138 /* GLKit.framework */,
				651F26B5182A66B300889138 /* MediaPlayer.framework */,
				651F26AD182A60BA00889138 /* metaioSDK.framework */,
				651F2675182A600000889138 /* Foundation.framework */,
				651F2677182A600000889138 /* CoreGraphics.framework */,
				651F2679182A600000889138 /* UIKit.framework */,
				651F2697182A600000889138 /* XCTest.framework */,
			);
			name = Frameworks;
			sourceTree = "<group>";
		};
		651F267B182A600000889138 /* MetaioTest */ = {
			isa = PBXGroup;
			children = (
				651F2684182A600000889138 /* AppDelegate.h */,
				651F2685182A600000889138 /* AppDelegate.m */,
				651F268D182A600000889138 /* MainViewController.h */,
				651F268E182A600000889138 /* MainViewController.mm */,
				651F26B2182A638300889138 /* Scene.h */,
				651F26B3182A638300889138 /* Scene.mm */,
				651F26E2182A6B2A00889138 /* Gloomies.h */,
				651F26E3182A6B2A00889138 /* Gloomies.mm */,
				651F26AF182A633700889138 /* CameraImageRenderer.h */,
				651F26B0182A633700889138 /* CameraImageRenderer.mm */,
				651F26E5182A6B4E00889138 /* Constants.h */,
				651F26E6182A6B4E00889138 /* Constants.mm */,
				651F2690182A600000889138 /* Images.xcassets */,
				651F26E9182CFB9C00889138 /* Images */,
				651F26E0182A6ADD00889138 /* Assets */,
				651F26CD182A68EF00889138 /* Shaders */,
				651F26DF182A69E200889138 /* Storyboards */,
				651F267C182A600000889138 /* Supporting Files */,
			);
			path = MetaioTest;
			sourceTree = "<group>";
		};
		651F267C182A600000889138 /* Supporting Files */ = {
			isa = PBXGroup;
			children = (
				651F267D182A600000889138 /* MetaioTest-Info.plist */,
				651F267E182A600000889138 /* InfoPlist.strings */,
				651F2681182A600000889138 /* main.m */,
				651F2683182A600000889138 /* MetaioTest-Prefix.pch */,
			);
			name = "Supporting Files";
			sourceTree = "<group>";
		};
		651F269D182A600000889138 /* MetaioTestTests */ = {
			isa = PBXGroup;
			children = (
				651F26A3182A600000889138 /* MetaioTestTests.m */,
				651F269E182A600000889138 /* Supporting Files */,
			);
			path = MetaioTestTests;
			sourceTree = "<group>";
		};
		651F269E182A600000889138 /* Supporting Files */ = {
			isa = PBXGroup;
			children = (
				651F269F182A600000889138 /* MetaioTestTests-Info.plist */,
				651F26A0182A600000889138 /* InfoPlist.strings */,
			);
			name = "Supporting Files";
			sourceTree = "<group>";
		};
		651F26CD182A68EF00889138 /* Shaders */ = {
			isa = PBXGroup;
			children = (
				651F26CE182A68EF00889138 /* CameraImageShader.fsh */,
				651F26CF182A68EF00889138 /* CameraImageShader.vsh */,
				651F26D0182A68EF00889138 /* Shader.fsh */,
				651F26D1182A68EF00889138 /* Shader.vsh */,
			);
			path = Shaders;
			sourceTree = "<group>";
		};
		651F26DF182A69E200889138 /* Storyboards */ = {
			isa = PBXGroup;
			children = (
				651F2687182A600000889138 /* Main_iPhone.storyboard */,
				651F268A182A600000889138 /* Main_iPad.storyboard */,
			);
			name = Storyboards;
			sourceTree = "<group>";
		};
/* End PBXGroup section */

/* Begin PBXNativeTarget section */
		651F2671182A600000889138 /* MetaioTest */ = {
			isa = PBXNativeTarget;
			buildConfigurationList = 651F26A7182A600000889138 /* Build configuration list for PBXNativeTarget "MetaioTest" */;
			buildPhases = (
				651F266E182A600000889138 /* Sources */,
				651F266F182A600000889138 /* Frameworks */,
				651F2670182A600000889138 /* Resources */,
			);
			buildRules = (
			);
			dependencies = (
			);
			name = MetaioTest;
			productName = MetaioTest;
			productReference = 651F2672182A600000889138 /* MetaioTest.app */;
			productType = "com.apple.product-type.application";
		};
		651F2695182A600000889138 /* MetaioTestTests */ = {
			isa = PBXNativeTarget;
			buildConfigurationList = 651F26AA182A600000889138 /* Build configuration list for PBXNativeTarget "MetaioTestTests" */;
			buildPhases = (
				651F2692182A600000889138 /* Sources */,
				651F2693182A600000889138 /* Frameworks */,
				651F2694182A600000889138 /* Resources */,
			);
			buildRules = (
			);
			dependencies = (
				651F269C182A600000889138 /* PBXTargetDependency */,
			);
			name = MetaioTestTests;
			productName = MetaioTestTests;
			productReference = 651F2696182A600000889138 /* MetaioTestTests.xctest */;
			productType = "com.apple.product-type.bundle.unit-test";
		};
/* End PBXNativeTarget section */

/* Begin PBXProject section */
		651F266A182A600000889138 /* Project object */ = {
			isa = PBXProject;
			attributes = {
				LastUpgradeCheck = 0500;
				ORGANIZATIONNAME = "Alexandra Instituttet";
				TargetAttributes = {
					651F2671182A600000889138 = {
						DevelopmentTeam = 5S5HLXNZY8;
					};
					651F2695182A600000889138 = {
						TestTargetID = 651F2671182A600000889138;
					};
				};
			};
			buildConfigurationList = 651F266D182A600000889138 /* Build configuration list for PBXProject "MetaioTest" */;
			compatibilityVersion = "Xcode 3.2";
			developmentRegion = English;
			hasScannedForEncodings = 0;
			knownRegions = (
				en,
				Base,
			);
			mainGroup = 651F2669182A600000889138;
			productRefGroup = 651F2673182A600000889138 /* Products */;
			projectDirPath = "";
			projectRoot = "";
			targets = (
				651F2671182A600000889138 /* MetaioTest */,
				651F2695182A600000889138 /* MetaioTestTests */,
			);
		};
/* End PBXProject section */

/* Begin PBXResourcesBuildPhase section */
		651F2670182A600000889138 /* Resources */ = {
			isa = PBXResourcesBuildPhase;
			buildActionMask = 2147483647;
			files = (
				651F26EA182CFB9C00889138 /* Images in Resources */,
				651F26D6182A692500889138 /* CameraImageShader.fsh in Resources */,
				651F26E1182A6ADD00889138 /* Assets in Resources */,
				651F26D7182A692500889138 /* CameraImageShader.vsh in Resources */,
				651F26D8182A692500889138 /* Shader.fsh in Resources */,
				651F26D9182A692500889138 /* Shader.vsh in Resources */,
				651F268C182A600000889138 /* Main_iPad.storyboard in Resources */,
				651F2691182A600000889138 /* Images.xcassets in Resources */,
				651F2689182A600000889138 /* Main_iPhone.storyboard in Resources */,
				651F2680182A600000889138 /* InfoPlist.strings in Resources */,
			);
			runOnlyForDeploymentPostprocessing = 0;
		};
		651F2694182A600000889138 /* Resources */ = {
			isa = PBXResourcesBuildPhase;
			buildActionMask = 2147483647;
			files = (
				651F26A2182A600000889138 /* InfoPlist.strings in Resources */,
			);
			runOnlyForDeploymentPostprocessing = 0;
		};
/* End PBXResourcesBuildPhase section */

/* Begin PBXSourcesBuildPhase section */
		651F266E182A600000889138 /* Sources */ = {
			isa = PBXSourcesBuildPhase;
			buildActionMask = 2147483647;
			files = (
				651F26E7182A6B4E00889138 /* Constants.mm in Sources */,
				651F268F182A600000889138 /* MainViewController.mm in Sources */,
				651F26B1182A633700889138 /* CameraImageRenderer.mm in Sources */,
				651F2686182A600000889138 /* AppDelegate.m in Sources */,
				651F26E4182A6B2A00889138 /* Gloomies.mm in Sources */,
				651F2682182A600000889138 /* main.m in Sources */,
				651F26B4182A638300889138 /* Scene.mm in Sources */,
			);
			runOnlyForDeploymentPostprocessing = 0;
		};
		651F2692182A600000889138 /* Sources */ = {
			isa = PBXSourcesBuildPhase;
			buildActionMask = 2147483647;
			files = (
				651F26A4182A600000889138 /* MetaioTestTests.m in Sources */,
			);
			runOnlyForDeploymentPostprocessing = 0;
		};
/* End PBXSourcesBuildPhase section */

/* Begin PBXTargetDependency section */
		651F269C182A600000889138 /* PBXTargetDependency */ = {
			isa = PBXTargetDependency;
			target = 651F2671182A600000889138 /* MetaioTest */;
			targetProxy = 651F269B182A600000889138 /* PBXContainerItemProxy */;
		};
/* End PBXTargetDependency section */

/* Begin PBXVariantGroup section */
		651F267E182A600000889138 /* InfoPlist.strings */ = {
			isa = PBXVariantGroup;
			children = (
				651F267F182A600000889138 /* en */,
			);
			name = InfoPlist.strings;
			sourceTree = "<group>";
		};
		651F2687182A600000889138 /* Main_iPhone.storyboard */ = {
			isa = PBXVariantGroup;
			children = (
				651F2688182A600000889138 /* Base */,
			);
			name = Main_iPhone.storyboard;
			sourceTree = "<group>";
		};
		651F268A182A600000889138 /* Main_iPad.storyboard */ = {
			isa = PBXVariantGroup;
			children = (
				651F268B182A600000889138 /* Base */,
			);
			name = Main_iPad.storyboard;
			sourceTree = "<group>";
		};
		651F26A0182A600000889138 /* InfoPlist.strings */ = {
			isa = PBXVariantGroup;
			children = (
				651F26A1182A600000889138 /* en */,
			);
			name = InfoPlist.strings;
			sourceTree = "<group>";
		};
/* End PBXVariantGroup section */

/* Begin XCBuildConfiguration section */
		651F26A5182A600000889138 /* Debug */ = {
			isa = XCBuildConfiguration;
			buildSettings = {
				ALWAYS_SEARCH_USER_PATHS = NO;
				ARCHS = "$(ARCHS_STANDARD_INCLUDING_64_BIT)";
				CLANG_CXX_LANGUAGE_STANDARD = "gnu++0x";
				CLANG_CXX_LIBRARY = "libc++";
				CLANG_ENABLE_MODULES = YES;
				CLANG_ENABLE_OBJC_ARC = YES;
				CLANG_WARN_BOOL_CONVERSION = YES;
				CLANG_WARN_CONSTANT_CONVERSION = YES;
				CLANG_WARN_DIRECT_OBJC_ISA_USAGE = YES_ERROR;
				CLANG_WARN_EMPTY_BODY = YES;
				CLANG_WARN_ENUM_CONVERSION = YES;
				CLANG_WARN_INT_CONVERSION = YES;
				CLANG_WARN_OBJC_ROOT_CLASS = YES_ERROR;
				CLANG_WARN__DUPLICATE_METHOD_MATCH = YES;
				"CODE_SIGN_IDENTITY[sdk=iphoneos*]" = "iPhone Developer";
				COPY_PHASE_STRIP = NO;
				GCC_C_LANGUAGE_STANDARD = gnu99;
				GCC_DYNAMIC_NO_PIC = NO;
				GCC_OPTIMIZATION_LEVEL = 0;
				GCC_PREPROCESSOR_DEFINITIONS = (
					"DEBUG=1",
					"$(inherited)",
				);
				GCC_SYMBOLS_PRIVATE_EXTERN = NO;
				GCC_WARN_64_TO_32_BIT_CONVERSION = YES;
				GCC_WARN_ABOUT_RETURN_TYPE = YES_ERROR;
				GCC_WARN_UNDECLARED_SELECTOR = YES;
				GCC_WARN_UNINITIALIZED_AUTOS = YES;
				GCC_WARN_UNUSED_FUNCTION = YES;
				GCC_WARN_UNUSED_VARIABLE = YES;
				IPHONEOS_DEPLOYMENT_TARGET = 7.0;
				ONLY_ACTIVE_ARCH = YES;
				SDKROOT = iphoneos;
				TARGETED_DEVICE_FAMILY = "1,2";
			};
			name = Debug;
		};
		651F26A6182A600000889138 /* Release */ = {
			isa = XCBuildConfiguration;
			buildSettings = {
				ALWAYS_SEARCH_USER_PATHS = NO;
				ARCHS = "$(ARCHS_STANDARD_INCLUDING_64_BIT)";
				CLANG_CXX_LANGUAGE_STANDARD = "gnu++0x";
				CLANG_CXX_LIBRARY = "libc++";
				CLANG_ENABLE_MODULES = YES;
				CLANG_ENABLE_OBJC_ARC = YES;
				CLANG_WARN_BOOL_CONVERSION = YES;
				CLANG_WARN_CONSTANT_CONVERSION = YES;
				CLANG_WARN_DIRECT_OBJC_ISA_USAGE = YES_ERROR;
				CLANG_WARN_EMPTY_BODY = YES;
				CLANG_WARN_ENUM_CONVERSION = YES;
				CLANG_WARN_INT_CONVERSION = YES;
				CLANG_WARN_OBJC_ROOT_CLASS = YES_ERROR;
				CLANG_WARN__DUPLICATE_METHOD_MATCH = YES;
				"CODE_SIGN_IDENTITY[sdk=iphoneos*]" = "iPhone Developer";
				COPY_PHASE_STRIP = YES;
				ENABLE_NS_ASSERTIONS = NO;
				GCC_C_LANGUAGE_STANDARD = gnu99;
				GCC_WARN_64_TO_32_BIT_CONVERSION = YES;
				GCC_WARN_ABOUT_RETURN_TYPE = YES_ERROR;
				GCC_WARN_UNDECLARED_SELECTOR = YES;
				GCC_WARN_UNINITIALIZED_AUTOS = YES;
				GCC_WARN_UNUSED_FUNCTION = YES;
				GCC_WARN_UNUSED_VARIABLE = YES;
				IPHONEOS_DEPLOYMENT_TARGET = 7.0;
				SDKROOT = iphoneos;
				TARGETED_DEVICE_FAMILY = "1,2";
				VALIDATE_PRODUCT = YES;
			};
			name = Release;
		};
		651F26A8182A600000889138 /* Debug */ = {
			isa = XCBuildConfiguration;
			buildSettings = {
				ASSETCATALOG_COMPILER_APPICON_NAME = AppIcon;
				ASSETCATALOG_COMPILER_LAUNCHIMAGE_NAME = LaunchImage;
				CLANG_CXX_LANGUAGE_STANDARD = "compiler-default";
				CLANG_CXX_LIBRARY = "libstdc++";
				CODE_SIGN_IDENTITY = "iPhone Developer";
				"CODE_SIGN_IDENTITY[sdk=iphoneos*]" = "iPhone Developer";
				FRAMEWORK_SEARCH_PATHS = (
					"$(inherited)",
					/Users/daniel/projects/MetaioTest,
				);
				GCC_C_LANGUAGE_STANDARD = "compiler-default";
				GCC_PRECOMPILE_PREFIX_HEADER = YES;
				GCC_PREFIX_HEADER = "MetaioTest/MetaioTest-Prefix.pch";
				INFOPLIST_FILE = "MetaioTest/MetaioTest-Info.plist";
				IPHONEOS_DEPLOYMENT_TARGET = 6.0;
				PRODUCT_NAME = "$(TARGET_NAME)";
				PROVISIONING_PROFILE = "";
				WRAPPER_EXTENSION = app;
			};
			name = Debug;
		};
		651F26A9182A600000889138 /* Release */ = {
			isa = XCBuildConfiguration;
			buildSettings = {
				ASSETCATALOG_COMPILER_APPICON_NAME = AppIcon;
				ASSETCATALOG_COMPILER_LAUNCHIMAGE_NAME = LaunchImage;
				CLANG_CXX_LANGUAGE_STANDARD = "compiler-default";
				CLANG_CXX_LIBRARY = "libstdc++";
				CODE_SIGN_IDENTITY = "iPhone Developer";
				"CODE_SIGN_IDENTITY[sdk=iphoneos*]" = "iPhone Developer";
				FRAMEWORK_SEARCH_PATHS = (
					"$(inherited)",
					/Users/daniel/projects/MetaioTest,
				);
				GCC_C_LANGUAGE_STANDARD = "compiler-default";
				GCC_PRECOMPILE_PREFIX_HEADER = YES;
				GCC_PREFIX_HEADER = "MetaioTest/MetaioTest-Prefix.pch";
				INFOPLIST_FILE = "MetaioTest/MetaioTest-Info.plist";
				IPHONEOS_DEPLOYMENT_TARGET = 6.0;
				PRODUCT_NAME = "$(TARGET_NAME)";
				PROVISIONING_PROFILE = "";
				WRAPPER_EXTENSION = app;
			};
			name = Release;
		};
		651F26AB182A600000889138 /* Debug */ = {
			isa = XCBuildConfiguration;
			buildSettings = {
				ARCHS = "$(ARCHS_STANDARD_INCLUDING_64_BIT)";
				BUNDLE_LOADER = "$(BUILT_PRODUCTS_DIR)/MetaioTest.app/MetaioTest";
				FRAMEWORK_SEARCH_PATHS = (
					"$(SDKROOT)/Developer/Library/Frameworks",
					"$(inherited)",
					"$(DEVELOPER_FRAMEWORKS_DIR)",
				);
				GCC_PRECOMPILE_PREFIX_HEADER = YES;
				GCC_PREFIX_HEADER = "MetaioTest/MetaioTest-Prefix.pch";
				GCC_PREPROCESSOR_DEFINITIONS = (
					"DEBUG=1",
					"$(inherited)",
				);
				INFOPLIST_FILE = "MetaioTestTests/MetaioTestTests-Info.plist";
				PRODUCT_NAME = "$(TARGET_NAME)";
				TEST_HOST = "$(BUNDLE_LOADER)";
				WRAPPER_EXTENSION = xctest;
			};
			name = Debug;
		};
		651F26AC182A600000889138 /* Release */ = {
			isa = XCBuildConfiguration;
			buildSettings = {
				ARCHS = "$(ARCHS_STANDARD_INCLUDING_64_BIT)";
				BUNDLE_LOADER = "$(BUILT_PRODUCTS_DIR)/MetaioTest.app/MetaioTest";
				FRAMEWORK_SEARCH_PATHS = (
					"$(SDKROOT)/Developer/Library/Frameworks",
					"$(inherited)",
					"$(DEVELOPER_FRAMEWORKS_DIR)",
				);
				GCC_PRECOMPILE_PREFIX_HEADER = YES;
				GCC_PREFIX_HEADER = "MetaioTest/MetaioTest-Prefix.pch";
				INFOPLIST_FILE = "MetaioTestTests/MetaioTestTests-Info.plist";
				PRODUCT_NAME = "$(TARGET_NAME)";
				TEST_HOST = "$(BUNDLE_LOADER)";
				WRAPPER_EXTENSION = xctest;
			};
			name = Release;
		};
/* End XCBuildConfiguration section */

/* Begin XCConfigurationList section */
		651F266D182A600000889138 /* Build configuration list for PBXProject "MetaioTest" */ = {
			isa = XCConfigurationList;
			buildConfigurations = (
				651F26A5182A600000889138 /* Debug */,
				651F26A6182A600000889138 /* Release */,
			);
			defaultConfigurationIsVisible = 0;
			defaultConfigurationName = Release;
		};
		651F26A7182A600000889138 /* Build configuration list for PBXNativeTarget "MetaioTest" */ = {
			isa = XCConfigurationList;
			buildConfigurations = (
				651F26A8182A600000889138 /* Debug */,
				651F26A9182A600000889138 /* Release */,
			);
			defaultConfigurationIsVisible = 0;
			defaultConfigurationName = Release;
		};
		651F26AA182A600000889138 /* Build configuration list for PBXNativeTarget "MetaioTestTests" */ = {
			isa = XCConfigurationList;
			buildConfigurations = (
				651F26AB182A600000889138 /* Debug */,
				651F26AC182A600000889138 /* Release */,
			);
			defaultConfigurationIsVisible = 0;
			defaultConfigurationName = Release;
		};
/* End XCConfigurationList section */
	};
	rootObject = 651F266A182A600000889138 /* Project object */;
}
